
Microsoft Visual Studio Solution File, Format Version 12.00
# Visual Studio 2013
VisualStudioVersion = 12.0.31101.0
MinimumVisualStudioVersion = 10.0.40219.1
Project("{FAE04EC0-301F-11D3-BF4B-00C04F79EFBC}") = "MaJiang.Model", "MaJiang.Model\MaJiang.Model.csproj", "{8B744477-5519-4ECC-8188-55366C724E08}"
EndProject
Project("{FAE04EC0-301F-11D3-BF4B-00C04F79EFBC}") = "MaJiang.Extention", "MaJiang.Extention\MaJiang.Extention.csproj", "{4E3BA6A5-FEBF-4C1C-B537-0EC2AC9F31E4}"
EndProject
Project("{FAE04EC0-301F-11D3-BF4B-00C04F79EFBC}") = "MaJiang.Console", "MaJiang.Console\MaJiang.Console.csproj", "{767B4C1B-8D81-4DE9-8A96-4877EB1FBD79}"
EndProject
Project("{FAE04EC0-301F-11D3-BF4B-00C04F79EFBC}") = "MaJiang.Core", "MaJiang.Core\MaJiang.Core.csproj", "{61849C14-431B-499B-B79E-80CC2527D018}"
EndProject
Global
	GlobalSection(SolutionConfigurationPlatforms) = preSolution
		Debug|Any CPU = Debug|Any CPU
		Release|Any CPU = Release|Any CPU
	EndGlobalSection
	GlobalSection(ProjectConfigurationPlatforms) = postSolution
		{8B744477-5519-4ECC-8188-55366C724E08}.Debug|Any CPU.ActiveCfg = Debug|Any CPU
		{8B744477-5519-4ECC-8188-55366C724E08}.Debug|Any CPU.Build.0 = Debug|Any CPU
		{8B744477-5519-4ECC-8188-55366C724E08}.Release|Any CPU.ActiveCfg = Release|Any CPU
		{8B744477-5519-4ECC-8188-55366C724E08}.Release|Any CPU.Build.0 = Release|Any CPU
		{4E3BA6A5-FEBF-4C1C-B537-0EC2AC9F31E4}.Debug|Any CPU.ActiveCfg = Debug|Any CPU
		{4E3BA6A5-FEBF-4C1C-B537-0EC2AC9F31E4}.Debug|Any CPU.Build.0 = Debug|Any CPU
		{4E3BA6A5-FEBF-4C1C-B537-0EC2AC9F31E4}.Release|Any CPU.ActiveCfg = Release|Any CPU
		{4E3BA6A5-FEBF-4C1C-B537-0EC2AC9F31E4}.Release|Any CPU.Build.0 = Release|Any CPU
		{767B4C1B-8D81-4DE9-8A96-4877EB1FBD79}.Debug|Any CPU.ActiveCfg = Debug|Any CPU
		{767B4C1B-8D81-4DE9-8A96-4877EB1FBD79}.Debug|Any CPU.Build.0 = Debug|Any CPU
		{767B4C1B-8D81-4DE9-8A96-4877EB1FBD79}.Release|Any CPU.ActiveCfg = Release|Any CPU
		{767B4C1B-8D81-4DE9-8A96-4877EB1FBD79}.Release|Any CPU.Build.0 = Release|Any CPU
		{61849C14-431B-499B-B79E-80CC2527D018}.Debug|Any CPU.ActiveCfg = Debug|Any CPU
		{61849C14-431B-499B-B79E-80CC2527D018}.Debug|Any CPU.Build.0 = Debug|Any CPU
		{61849C14-431B-499B-B79E-80CC2527D018}.Release|Any CPU.ActiveCfg = Release|Any CPU
		{61849C14-431B-499B-B79E-80CC2527D018}.Release|Any CPU.Build.0 = Release|Any CPU
	EndGlobalSection
	GlobalSection(SolutionProperties) = preSolution
		HideSolutionNode = FALSE
	EndGlobalSection
EndGlobal
