
Microsoft Visual Studio Solution File, Format Version 12.00
# Visual Studio 2013
VisualStudioVersion = 12.0.31101.0
MinimumVisualStudioVersion = 10.0.40219.1
Project("{FAE04EC0-301F-11D3-BF4B-00C04F79EFBC}") = "MaJiang.Model", "MaJiang.Model\MaJiang.Model.csproj", "{8B744477-5519-4ECC-8188-55366C724E08}"
EndProject
Project("{FAE04EC0-301F-11D3-BF4B-00C04F79EFBC}") = "MaJiang.Extention", "MaJiang.Extention\MaJiang.Extention.csproj", "{4E3BA6A5-FEBF-4C1C-B537-0EC2AC9F31E4}"
EndProject
Project("{FAE04EC0-301F-11D3-BF4B-00C04F79EFBC}") = "MaJiang.Console", "MaJiang.Console\MaJiang.Console.csproj", "{767B4C1B-8D81-4DE9-8A96-4877EB1FBD79}"
EndProject
Project("{FAE04EC0-301F-11D3-BF4B-00C04F79EFBC}") = "MaJiang.Core", "MaJiang.Core\MaJiang.Core.csproj", "{61849C14-431B-499B-B79E-80CC2527D018}"
EndProject
Project("{FAE04EC0-301F-11D3-BF4B-00C04F79EFBC}") = "MaJiang.Server.WebSocket", "WebSocket\MaJiang.Server.WebSocket\MaJiang.Server.WebSocket.csproj", "{031D006B-DBD3-4F53-BDF3-9B272304352A}"
EndProject
Project("{2150E333-8FDC-42A3-9474-1A3956D46DE8}") = "WebSocket", "WebSocket", "{D1400B69-B46A-44B9-BD8A-3C88FCB62A45}"
EndProject
Project("{FAE04EC0-301F-11D3-BF4B-00C04F79EFBC}") = "MaJiang.WebSocket.Core", "WebSocket\MaJiang.WebSocket.Core\MaJiang.WebSocket.Core.csproj", "{B357BAC7-529E-4D81-A0D2-71041B19C8DE}"
EndProject
Global
	GlobalSection(SolutionConfigurationPlatforms) = preSolution
		Debug_Ubuntu|Any CPU = Debug_Ubuntu|Any CPU
		Debug|Any CPU = Debug|Any CPU
		Release_Ubuntu|Any CPU = Release_Ubuntu|Any CPU
		Release|Any CPU = Release|Any CPU
	EndGlobalSection
	GlobalSection(ProjectConfigurationPlatforms) = postSolution
		{8B744477-5519-4ECC-8188-55366C724E08}.Debug_Ubuntu|Any CPU.ActiveCfg = Debug|Any CPU
		{8B744477-5519-4ECC-8188-55366C724E08}.Debug_Ubuntu|Any CPU.Build.0 = Debug|Any CPU
		{8B744477-5519-4ECC-8188-55366C724E08}.Debug|Any CPU.ActiveCfg = Debug|Any CPU
		{8B744477-5519-4ECC-8188-55366C724E08}.Debug|Any CPU.Build.0 = Debug|Any CPU
		{8B744477-5519-4ECC-8188-55366C724E08}.Release_Ubuntu|Any CPU.ActiveCfg = Release|Any CPU
		{8B744477-5519-4ECC-8188-55366C724E08}.Release_Ubuntu|Any CPU.Build.0 = Release|Any CPU
		{8B744477-5519-4ECC-8188-55366C724E08}.Release|Any CPU.ActiveCfg = Release|Any CPU
		{8B744477-5519-4ECC-8188-55366C724E08}.Release|Any CPU.Build.0 = Release|Any CPU
		{4E3BA6A5-FEBF-4C1C-B537-0EC2AC9F31E4}.Debug_Ubuntu|Any CPU.ActiveCfg = Debug|Any CPU
		{4E3BA6A5-FEBF-4C1C-B537-0EC2AC9F31E4}.Debug_Ubuntu|Any CPU.Build.0 = Debug|Any CPU
		{4E3BA6A5-FEBF-4C1C-B537-0EC2AC9F31E4}.Debug|Any CPU.ActiveCfg = Debug|Any CPU
		{4E3BA6A5-FEBF-4C1C-B537-0EC2AC9F31E4}.Debug|Any CPU.Build.0 = Debug|Any CPU
		{4E3BA6A5-FEBF-4C1C-B537-0EC2AC9F31E4}.Release_Ubuntu|Any CPU.ActiveCfg = Release|Any CPU
		{4E3BA6A5-FEBF-4C1C-B537-0EC2AC9F31E4}.Release_Ubuntu|Any CPU.Build.0 = Release|Any CPU
		{4E3BA6A5-FEBF-4C1C-B537-0EC2AC9F31E4}.Release|Any CPU.ActiveCfg = Release|Any CPU
		{4E3BA6A5-FEBF-4C1C-B537-0EC2AC9F31E4}.Release|Any CPU.Build.0 = Release|Any CPU
		{767B4C1B-8D81-4DE9-8A96-4877EB1FBD79}.Debug_Ubuntu|Any CPU.ActiveCfg = Debug|Any CPU
		{767B4C1B-8D81-4DE9-8A96-4877EB1FBD79}.Debug_Ubuntu|Any CPU.Build.0 = Debug|Any CPU
		{767B4C1B-8D81-4DE9-8A96-4877EB1FBD79}.Debug|Any CPU.ActiveCfg = Debug|Any CPU
		{767B4C1B-8D81-4DE9-8A96-4877EB1FBD79}.Debug|Any CPU.Build.0 = Debug|Any CPU
		{767B4C1B-8D81-4DE9-8A96-4877EB1FBD79}.Release_Ubuntu|Any CPU.ActiveCfg = Release|Any CPU
		{767B4C1B-8D81-4DE9-8A96-4877EB1FBD79}.Release_Ubuntu|Any CPU.Build.0 = Release|Any CPU
		{767B4C1B-8D81-4DE9-8A96-4877EB1FBD79}.Release|Any CPU.ActiveCfg = Release|Any CPU
		{767B4C1B-8D81-4DE9-8A96-4877EB1FBD79}.Release|Any CPU.Build.0 = Release|Any CPU
		{61849C14-431B-499B-B79E-80CC2527D018}.Debug_Ubuntu|Any CPU.ActiveCfg = Debug|Any CPU
		{61849C14-431B-499B-B79E-80CC2527D018}.Debug_Ubuntu|Any CPU.Build.0 = Debug|Any CPU
		{61849C14-431B-499B-B79E-80CC2527D018}.Debug|Any CPU.ActiveCfg = Debug|Any CPU
		{61849C14-431B-499B-B79E-80CC2527D018}.Debug|Any CPU.Build.0 = Debug|Any CPU
		{61849C14-431B-499B-B79E-80CC2527D018}.Release_Ubuntu|Any CPU.ActiveCfg = Release|Any CPU
		{61849C14-431B-499B-B79E-80CC2527D018}.Release_Ubuntu|Any CPU.Build.0 = Release|Any CPU
		{61849C14-431B-499B-B79E-80CC2527D018}.Release|Any CPU.ActiveCfg = Release|Any CPU
		{61849C14-431B-499B-B79E-80CC2527D018}.Release|Any CPU.Build.0 = Release|Any CPU
		{031D006B-DBD3-4F53-BDF3-9B272304352A}.Debug_Ubuntu|Any CPU.ActiveCfg = Debug|Any CPU
		{031D006B-DBD3-4F53-BDF3-9B272304352A}.Debug_Ubuntu|Any CPU.Build.0 = Debug|Any CPU
		{031D006B-DBD3-4F53-BDF3-9B272304352A}.Debug|Any CPU.ActiveCfg = Debug|Any CPU
		{031D006B-DBD3-4F53-BDF3-9B272304352A}.Debug|Any CPU.Build.0 = Debug|Any CPU
		{031D006B-DBD3-4F53-BDF3-9B272304352A}.Release_Ubuntu|Any CPU.ActiveCfg = Release|Any CPU
		{031D006B-DBD3-4F53-BDF3-9B272304352A}.Release_Ubuntu|Any CPU.Build.0 = Release|Any CPU
		{031D006B-DBD3-4F53-BDF3-9B272304352A}.Release|Any CPU.ActiveCfg = Release|Any CPU
		{031D006B-DBD3-4F53-BDF3-9B272304352A}.Release|Any CPU.Build.0 = Release|Any CPU
		{B357BAC7-529E-4D81-A0D2-71041B19C8DE}.Debug_Ubuntu|Any CPU.ActiveCfg = Debug_Ubuntu|Any CPU
		{B357BAC7-529E-4D81-A0D2-71041B19C8DE}.Debug_Ubuntu|Any CPU.Build.0 = Debug_Ubuntu|Any CPU
		{B357BAC7-529E-4D81-A0D2-71041B19C8DE}.Debug|Any CPU.ActiveCfg = Debug|Any CPU
		{B357BAC7-529E-4D81-A0D2-71041B19C8DE}.Debug|Any CPU.Build.0 = Debug|Any CPU
		{B357BAC7-529E-4D81-A0D2-71041B19C8DE}.Release_Ubuntu|Any CPU.ActiveCfg = Release_Ubuntu|Any CPU
		{B357BAC7-529E-4D81-A0D2-71041B19C8DE}.Release_Ubuntu|Any CPU.Build.0 = Release_Ubuntu|Any CPU
		{B357BAC7-529E-4D81-A0D2-71041B19C8DE}.Release|Any CPU.ActiveCfg = Release|Any CPU
		{B357BAC7-529E-4D81-A0D2-71041B19C8DE}.Release|Any CPU.Build.0 = Release|Any CPU
	EndGlobalSection
	GlobalSection(SolutionProperties) = preSolution
		HideSolutionNode = FALSE
	EndGlobalSection
	GlobalSection(NestedProjects) = preSolution
		{031D006B-DBD3-4F53-BDF3-9B272304352A} = {D1400B69-B46A-44B9-BD8A-3C88FCB62A45}
		{B357BAC7-529E-4D81-A0D2-71041B19C8DE} = {D1400B69-B46A-44B9-BD8A-3C88FCB62A45}
	EndGlobalSection
EndGlobal
